
Microsoft Visual Studio Solution File, Format Version 12.00
# Visual Studio 14
VisualStudioVersion = 14.0.25123.0
MinimumVisualStudioVersion = 10.0.40219.1
Project("{FAE04EC0-301F-11D3-BF4B-00C04F79EFBC}") = "Log.Services", "Log.Services\Log.Services.csproj", "{5324E21B-37D5-4334-A7DB-A4CDA267E777}"
EndProject
Project("{FAE04EC0-301F-11D3-BF4B-00C04F79EFBC}") = "Log.Web", "Log.Web\Log.Web.csproj", "{8331F12F-67A4-4E7A-A6D7-386E417DA689}"
EndProject
Global
	GlobalSection(SolutionConfigurationPlatforms) = preSolution
		Debug|Any CPU = Debug|Any CPU
		Release|Any CPU = Release|Any CPU
	EndGlobalSection
	GlobalSection(ProjectConfigurationPlatforms) = postSolution
		{5324E21B-37D5-4334-A7DB-A4CDA267E777}.Debug|Any CPU.ActiveCfg = Debug|Any CPU
		{5324E21B-37D5-4334-A7DB-A4CDA267E777}.Debug|Any CPU.Build.0 = Debug|Any CPU
		{5324E21B-37D5-4334-A7DB-A4CDA267E777}.Release|Any CPU.ActiveCfg = Release|Any CPU
		{5324E21B-37D5-4334-A7DB-A4CDA267E777}.Release|Any CPU.Build.0 = Release|Any CPU
		{8331F12F-67A4-4E7A-A6D7-386E417DA689}.Debug|Any CPU.ActiveCfg = Debug|Any CPU
		{8331F12F-67A4-4E7A-A6D7-386E417DA689}.Debug|Any CPU.Build.0 = Debug|Any CPU
		{8331F12F-67A4-4E7A-A6D7-386E417DA689}.Release|Any CPU.ActiveCfg = Release|Any CPU
		{8331F12F-67A4-4E7A-A6D7-386E417DA689}.Release|Any CPU.Build.0 = Release|Any CPU
	EndGlobalSection
	GlobalSection(SolutionProperties) = preSolution
		HideSolutionNode = FALSE
	EndGlobalSection
EndGlobal
